
Microsoft Visual Studio Solution File, Format Version 12.00
# Visual Studio 15
VisualStudioVersion = 15.0.27703.2035
MinimumVisualStudioVersion = 10.0.40219.1
Project("{8BC9CEB8-8B4A-11D0-8D11-00A0C91BC942}") = "BinarySearch_Recursive", "BinarySearch_Recursive\BinarySearch_Recursive.vcxproj", "{DC10E765-A8F6-4739-9E84-73AD03EFD4E3}"
EndProject
Project("{8BC9CEB8-8B4A-11D0-8D11-00A0C91BC942}") = "BinarySearch_Iterative", "BinarySearch_Iterative\BinarySearch_Iterative.vcxproj", "{85F6DE38-5949-4F20-8832-5C0EF43EBC7F}"
EndProject
Project("{8BC9CEB8-8B4A-11D0-8D11-00A0C91BC942}") = "k-arySearch", "k-arySearch\k-arySearch.vcxproj", "{04EB1624-F643-4721-8721-346CC05DC538}"
EndProject
Project("{8BC9CEB8-8B4A-11D0-8D11-00A0C91BC942}") = "Calculator", "Calculator\Calculator.vcxproj", "{272A239D-C8C9-4F98-985E-AF44C99B92DA}"
EndProject
Project("{8BC9CEB8-8B4A-11D0-8D11-00A0C91BC942}") = "GenericDoublyLinkedList", "GenericDoublyLinkedList\GenericDoublyLinkedList.vcxproj", "{5038DEEB-E846-4FE4-A021-8DFEEE9BFAB8}"
EndProject
Project("{8BC9CEB8-8B4A-11D0-8D11-00A0C91BC942}") = "DoublyLinkedList", "DoublyLinkedList\DoublyLinkedList.vcxproj", "{9345A010-1987-430E-A212-1873183326A0}"
EndProject
Project("{8BC9CEB8-8B4A-11D0-8D11-00A0C91BC942}") = "GenericStack", "GenericStack\GenericStack.vcxproj", "{A91F6A73-578C-4344-8B1F-ED2432118722}"
EndProject
Project("{8BC9CEB8-8B4A-11D0-8D11-00A0C91BC942}") = "GenericQueue", "GenericQueue\GenericQueue.vcxproj", "{21CC8247-C344-4742-B4FF-9471F9F5D398}"
EndProject
Project("{8BC9CEB8-8B4A-11D0-8D11-00A0C91BC942}") = "DepthFirstSearch", "DepthFirstSearch\DepthFirstSearch.vcxproj", "{BAC459D8-039C-42F8-ADC4-40BDAC719D8D}"
EndProject
Global
	GlobalSection(SolutionConfigurationPlatforms) = preSolution
		Debug|x64 = Debug|x64
		Debug|x86 = Debug|x86
		Release|x64 = Release|x64
		Release|x86 = Release|x86
	EndGlobalSection
	GlobalSection(ProjectConfigurationPlatforms) = postSolution
		{DC10E765-A8F6-4739-9E84-73AD03EFD4E3}.Debug|x64.ActiveCfg = Debug|x64
		{DC10E765-A8F6-4739-9E84-73AD03EFD4E3}.Debug|x64.Build.0 = Debug|x64
		{DC10E765-A8F6-4739-9E84-73AD03EFD4E3}.Debug|x86.ActiveCfg = Debug|Win32
		{DC10E765-A8F6-4739-9E84-73AD03EFD4E3}.Debug|x86.Build.0 = Debug|Win32
		{DC10E765-A8F6-4739-9E84-73AD03EFD4E3}.Release|x64.ActiveCfg = Release|x64
		{DC10E765-A8F6-4739-9E84-73AD03EFD4E3}.Release|x64.Build.0 = Release|x64
		{DC10E765-A8F6-4739-9E84-73AD03EFD4E3}.Release|x86.ActiveCfg = Release|Win32
		{DC10E765-A8F6-4739-9E84-73AD03EFD4E3}.Release|x86.Build.0 = Release|Win32
		{85F6DE38-5949-4F20-8832-5C0EF43EBC7F}.Debug|x64.ActiveCfg = Debug|x64
		{85F6DE38-5949-4F20-8832-5C0EF43EBC7F}.Debug|x64.Build.0 = Debug|x64
		{85F6DE38-5949-4F20-8832-5C0EF43EBC7F}.Debug|x86.ActiveCfg = Debug|Win32
		{85F6DE38-5949-4F20-8832-5C0EF43EBC7F}.Debug|x86.Build.0 = Debug|Win32
		{85F6DE38-5949-4F20-8832-5C0EF43EBC7F}.Release|x64.ActiveCfg = Release|x64
		{85F6DE38-5949-4F20-8832-5C0EF43EBC7F}.Release|x64.Build.0 = Release|x64
		{85F6DE38-5949-4F20-8832-5C0EF43EBC7F}.Release|x86.ActiveCfg = Release|Win32
		{85F6DE38-5949-4F20-8832-5C0EF43EBC7F}.Release|x86.Build.0 = Release|Win32
		{04EB1624-F643-4721-8721-346CC05DC538}.Debug|x64.ActiveCfg = Debug|x64
		{04EB1624-F643-4721-8721-346CC05DC538}.Debug|x64.Build.0 = Debug|x64
		{04EB1624-F643-4721-8721-346CC05DC538}.Debug|x86.ActiveCfg = Debug|Win32
		{04EB1624-F643-4721-8721-346CC05DC538}.Debug|x86.Build.0 = Debug|Win32
		{04EB1624-F643-4721-8721-346CC05DC538}.Release|x64.ActiveCfg = Release|x64
		{04EB1624-F643-4721-8721-346CC05DC538}.Release|x64.Build.0 = Release|x64
		{04EB1624-F643-4721-8721-346CC05DC538}.Release|x86.ActiveCfg = Release|Win32
		{04EB1624-F643-4721-8721-346CC05DC538}.Release|x86.Build.0 = Release|Win32
		{272A239D-C8C9-4F98-985E-AF44C99B92DA}.Debug|x64.ActiveCfg = Debug|x64
		{272A239D-C8C9-4F98-985E-AF44C99B92DA}.Debug|x64.Build.0 = Debug|x64
		{272A239D-C8C9-4F98-985E-AF44C99B92DA}.Debug|x86.ActiveCfg = Debug|Win32
		{272A239D-C8C9-4F98-985E-AF44C99B92DA}.Debug|x86.Build.0 = Debug|Win32
		{272A239D-C8C9-4F98-985E-AF44C99B92DA}.Release|x64.ActiveCfg = Release|x64
		{272A239D-C8C9-4F98-985E-AF44C99B92DA}.Release|x64.Build.0 = Release|x64
		{272A239D-C8C9-4F98-985E-AF44C99B92DA}.Release|x86.ActiveCfg = Release|Win32
		{272A239D-C8C9-4F98-985E-AF44C99B92DA}.Release|x86.Build.0 = Release|Win32
		{5038DEEB-E846-4FE4-A021-8DFEEE9BFAB8}.Debug|x64.ActiveCfg = Debug|x64
		{5038DEEB-E846-4FE4-A021-8DFEEE9BFAB8}.Debug|x64.Build.0 = Debug|x64
		{5038DEEB-E846-4FE4-A021-8DFEEE9BFAB8}.Debug|x86.ActiveCfg = Debug|Win32
		{5038DEEB-E846-4FE4-A021-8DFEEE9BFAB8}.Debug|x86.Build.0 = Debug|Win32
		{5038DEEB-E846-4FE4-A021-8DFEEE9BFAB8}.Release|x64.ActiveCfg = Release|x64
		{5038DEEB-E846-4FE4-A021-8DFEEE9BFAB8}.Release|x64.Build.0 = Release|x64
		{5038DEEB-E846-4FE4-A021-8DFEEE9BFAB8}.Release|x86.ActiveCfg = Release|Win32
		{5038DEEB-E846-4FE4-A021-8DFEEE9BFAB8}.Release|x86.Build.0 = Release|Win32
		{9345A010-1987-430E-A212-1873183326A0}.Debug|x64.ActiveCfg = Debug|x64
		{9345A010-1987-430E-A212-1873183326A0}.Debug|x64.Build.0 = Debug|x64
		{9345A010-1987-430E-A212-1873183326A0}.Debug|x86.ActiveCfg = Debug|Win32
		{9345A010-1987-430E-A212-1873183326A0}.Debug|x86.Build.0 = Debug|Win32
		{9345A010-1987-430E-A212-1873183326A0}.Release|x64.ActiveCfg = Release|x64
		{9345A010-1987-430E-A212-1873183326A0}.Release|x64.Build.0 = Release|x64
		{9345A010-1987-430E-A212-1873183326A0}.Release|x86.ActiveCfg = Release|Win32
		{9345A010-1987-430E-A212-1873183326A0}.Release|x86.Build.0 = Release|Win32
		{A91F6A73-578C-4344-8B1F-ED2432118722}.Debug|x64.ActiveCfg = Debug|x64
		{A91F6A73-578C-4344-8B1F-ED2432118722}.Debug|x64.Build.0 = Debug|x64
		{A91F6A73-578C-4344-8B1F-ED2432118722}.Debug|x86.ActiveCfg = Debug|Win32
		{A91F6A73-578C-4344-8B1F-ED2432118722}.Debug|x86.Build.0 = Debug|Win32
		{A91F6A73-578C-4344-8B1F-ED2432118722}.Release|x64.ActiveCfg = Release|x64
		{A91F6A73-578C-4344-8B1F-ED2432118722}.Release|x64.Build.0 = Release|x64
		{A91F6A73-578C-4344-8B1F-ED2432118722}.Release|x86.ActiveCfg = Release|Win32
		{A91F6A73-578C-4344-8B1F-ED2432118722}.Release|x86.Build.0 = Release|Win32
		{21CC8247-C344-4742-B4FF-9471F9F5D398}.Debug|x64.ActiveCfg = Debug|x64
		{21CC8247-C344-4742-B4FF-9471F9F5D398}.Debug|x64.Build.0 = Debug|x64
		{21CC8247-C344-4742-B4FF-9471F9F5D398}.Debug|x86.ActiveCfg = Debug|Win32
		{21CC8247-C344-4742-B4FF-9471F9F5D398}.Debug|x86.Build.0 = Debug|Win32
		{21CC8247-C344-4742-B4FF-9471F9F5D398}.Release|x64.ActiveCfg = Release|x64
		{21CC8247-C344-4742-B4FF-9471F9F5D398}.Release|x64.Build.0 = Release|x64
		{21CC8247-C344-4742-B4FF-9471F9F5D398}.Release|x86.ActiveCfg = Release|Win32
		{21CC8247-C344-4742-B4FF-9471F9F5D398}.Release|x86.Build.0 = Release|Win32
		{BAC459D8-039C-42F8-ADC4-40BDAC719D8D}.Debug|x64.ActiveCfg = Debug|x64
		{BAC459D8-039C-42F8-ADC4-40BDAC719D8D}.Debug|x64.Build.0 = Debug|x64
		{BAC459D8-039C-42F8-ADC4-40BDAC719D8D}.Debug|x86.ActiveCfg = Debug|Win32
		{BAC459D8-039C-42F8-ADC4-40BDAC719D8D}.Debug|x86.Build.0 = Debug|Win32
		{BAC459D8-039C-42F8-ADC4-40BDAC719D8D}.Release|x64.ActiveCfg = Release|x64
		{BAC459D8-039C-42F8-ADC4-40BDAC719D8D}.Release|x64.Build.0 = Release|x64
		{BAC459D8-039C-42F8-ADC4-40BDAC719D8D}.Release|x86.ActiveCfg = Release|Win32
		{BAC459D8-039C-42F8-ADC4-40BDAC719D8D}.Release|x86.Build.0 = Release|Win32
	EndGlobalSection
	GlobalSection(SolutionProperties) = preSolution
		HideSolutionNode = FALSE
	EndGlobalSection
	GlobalSection(ExtensibilityGlobals) = postSolution
		SolutionGuid = {B7DCDD81-5AD2-4EF5-A938-DEAD4A860F27}
	EndGlobalSection
EndGlobal
